
Microsoft Visual Studio Solution File, Format Version 12.00
# Visual Studio Version 16
VisualStudioVersion = 16.0.31410.357
MinimumVisualStudioVersion = 10.0.40219.1
Project("{FAE04EC0-301F-11D3-BF4B-00C04F79EFBC}") = "WebApplication", "WebApplication\WebApplication.csproj", "{7D2A7504-A074-4396-BC58-5F75E0B2B276}"
EndProject
Global
	GlobalSection(SolutionConfigurationPlatforms) = preSolution
		Debug|Any CPU = Debug|Any CPU
		Release|Any CPU = Release|Any CPU
	EndGlobalSection
	GlobalSection(ProjectConfigurationPlatforms) = postSolution
		{7D2A7504-A074-4396-BC58-5F75E0B2B276}.Debug|Any CPU.ActiveCfg = Debug|Any CPU
		{7D2A7504-A074-4396-BC58-5F75E0B2B276}.Debug|Any CPU.Build.0 = Debug|Any CPU
		{7D2A7504-A074-4396-BC58-5F75E0B2B276}.Release|Any CPU.ActiveCfg = Release|Any CPU
		{7D2A7504-A074-4396-BC58-5F75E0B2B276}.Release|Any CPU.Build.0 = Release|Any CPU
	EndGlobalSection
	GlobalSection(SolutionProperties) = preSolution
		HideSolutionNode = FALSE
	EndGlobalSection
	GlobalSection(ExtensibilityGlobals) = postSolution
		SolutionGuid = {48672A81-296D-4B14-BEF2-2BFD1A6E0F4A}
	EndGlobalSection
EndGlobal
